
Microsoft Visual Studio Solution File, Format Version 12.00
# Visual Studio Version 16
VisualStudioVersion = 16.0.32106.194
MinimumVisualStudioVersion = 10.0.40219.1
Project("{9A19103F-16F7-4668-BE54-9A1E7A4F7556}") = "CodeLouisvilleLibrary", "CodeLouisvilleLibrary.csproj", "{AABF870A-0DF0-4BDD-B72F-15C0C7029085}"
EndProject
Global
	GlobalSection(SolutionConfigurationPlatforms) = preSolution
		Debug|Any CPU = Debug|Any CPU
		Release|Any CPU = Release|Any CPU
	EndGlobalSection
	GlobalSection(ProjectConfigurationPlatforms) = postSolution
		{AABF870A-0DF0-4BDD-B72F-15C0C7029085}.Debug|Any CPU.ActiveCfg = Debug|Any CPU
		{AABF870A-0DF0-4BDD-B72F-15C0C7029085}.Debug|Any CPU.Build.0 = Debug|Any CPU
		{AABF870A-0DF0-4BDD-B72F-15C0C7029085}.Release|Any CPU.ActiveCfg = Release|Any CPU
		{AABF870A-0DF0-4BDD-B72F-15C0C7029085}.Release|Any CPU.Build.0 = Release|Any CPU
	EndGlobalSection
	GlobalSection(SolutionProperties) = preSolution
		HideSolutionNode = FALSE
	EndGlobalSection
	GlobalSection(ExtensibilityGlobals) = postSolution
		SolutionGuid = {B0B0FE43-B40D-4232-842B-EF03412FC1B0}
	EndGlobalSection
EndGlobal
